
Microsoft Visual Studio Solution File, Format Version 12.00
# Visual Studio 15
VisualStudioVersion = 15.0.27703.2026
MinimumVisualStudioVersion = 10.0.40219.1
Project("{8BC9CEB8-8B4A-11D0-8D11-00A0C91BC942}") = "appMien", "appMien\appMien.vcxproj", "{8D7C4335-ED9A-424A-B61B-6C8F32A08E85}"
EndProject
Project("{8BC9CEB8-8B4A-11D0-8D11-00A0C91BC942}") = "Mien", "Mien\Mien.vcxproj", "{CDF44EC3-D88E-467D-A693-000A49496730}"
EndProject
Project("{8BC9CEB8-8B4A-11D0-8D11-00A0C91BC942}") = "MienDL", "MienDL\MienDL.vcxproj", "{6F9744B5-85F1-4440-82DB-D26E7D801230}"
EndProject
Project("{8BC9CEB8-8B4A-11D0-8D11-00A0C91BC942}") = "MienFD", "MienFD\MienFD.vcxproj", "{39517B12-8927-408F-B808-EE652989BB8D}"
EndProject
Project("{8BC9CEB8-8B4A-11D0-8D11-00A0C91BC942}") = "Mien58", "Mien58\Mien58.vcxproj", "{A88E629F-746B-433C-A78B-769B9EF32794}"
EndProject
Project("{8BC9CEB8-8B4A-11D0-8D11-00A0C91BC942}") = "dlib", "dlib\dlib.vcxproj", "{046E72E5-2A43-4F5E-9AF5-101BEBF3D48B}"
EndProject
Project("{8BC9CEB8-8B4A-11D0-8D11-00A0C91BC942}") = "dlibExample", "dlibExample\dlibExample.vcxproj", "{5D17B872-38F8-4334-A2CD-A128B93908E2}"
EndProject
Project("{8BC9CEB8-8B4A-11D0-8D11-00A0C91BC942}") = "dlibIO", "dlib\dlibIO.vcxproj", "{E2CFA0A4-FA9F-4F19-BFB6-AEA37F571C10}"
EndProject
Project("{8BC9CEB8-8B4A-11D0-8D11-00A0C91BC942}") = "mtcnn", "mtcnn\mtcnn.vcxproj", "{7C78D6AE-42BD-40D4-A05E-787D521CC12F}"
EndProject
Global
	GlobalSection(SolutionConfigurationPlatforms) = preSolution
		Debug|x64 = Debug|x64
		Debug|x86 = Debug|x86
		Release|x64 = Release|x64
		Release|x86 = Release|x86
	EndGlobalSection
	GlobalSection(ProjectConfigurationPlatforms) = postSolution
		{8D7C4335-ED9A-424A-B61B-6C8F32A08E85}.Debug|x64.ActiveCfg = Debug|x64
		{8D7C4335-ED9A-424A-B61B-6C8F32A08E85}.Debug|x64.Build.0 = Debug|x64
		{8D7C4335-ED9A-424A-B61B-6C8F32A08E85}.Debug|x86.ActiveCfg = Debug|x64
		{8D7C4335-ED9A-424A-B61B-6C8F32A08E85}.Release|x64.ActiveCfg = Release|x64
		{8D7C4335-ED9A-424A-B61B-6C8F32A08E85}.Release|x64.Build.0 = Release|x64
		{8D7C4335-ED9A-424A-B61B-6C8F32A08E85}.Release|x86.ActiveCfg = Release|x64
		{CDF44EC3-D88E-467D-A693-000A49496730}.Debug|x64.ActiveCfg = Debug|x64
		{CDF44EC3-D88E-467D-A693-000A49496730}.Debug|x64.Build.0 = Debug|x64
		{CDF44EC3-D88E-467D-A693-000A49496730}.Debug|x86.ActiveCfg = Debug|x64
		{CDF44EC3-D88E-467D-A693-000A49496730}.Release|x64.ActiveCfg = Release|x64
		{CDF44EC3-D88E-467D-A693-000A49496730}.Release|x64.Build.0 = Release|x64
		{CDF44EC3-D88E-467D-A693-000A49496730}.Release|x86.ActiveCfg = Release|x64
		{6F9744B5-85F1-4440-82DB-D26E7D801230}.Debug|x64.ActiveCfg = Debug|x64
		{6F9744B5-85F1-4440-82DB-D26E7D801230}.Debug|x64.Build.0 = Debug|x64
		{6F9744B5-85F1-4440-82DB-D26E7D801230}.Debug|x86.ActiveCfg = Debug|x64
		{6F9744B5-85F1-4440-82DB-D26E7D801230}.Release|x64.ActiveCfg = Release|x64
		{6F9744B5-85F1-4440-82DB-D26E7D801230}.Release|x64.Build.0 = Release|x64
		{6F9744B5-85F1-4440-82DB-D26E7D801230}.Release|x86.ActiveCfg = Release|x64
		{39517B12-8927-408F-B808-EE652989BB8D}.Debug|x64.ActiveCfg = Debug|x64
		{39517B12-8927-408F-B808-EE652989BB8D}.Debug|x64.Build.0 = Debug|x64
		{39517B12-8927-408F-B808-EE652989BB8D}.Debug|x86.ActiveCfg = Debug|x64
		{39517B12-8927-408F-B808-EE652989BB8D}.Release|x64.ActiveCfg = Release|x64
		{39517B12-8927-408F-B808-EE652989BB8D}.Release|x64.Build.0 = Release|x64
		{39517B12-8927-408F-B808-EE652989BB8D}.Release|x86.ActiveCfg = Release|x64
		{A88E629F-746B-433C-A78B-769B9EF32794}.Debug|x64.ActiveCfg = Debug|x64
		{A88E629F-746B-433C-A78B-769B9EF32794}.Debug|x64.Build.0 = Debug|x64
		{A88E629F-746B-433C-A78B-769B9EF32794}.Debug|x86.ActiveCfg = Debug|x64
		{A88E629F-746B-433C-A78B-769B9EF32794}.Release|x64.ActiveCfg = Release|x64
		{A88E629F-746B-433C-A78B-769B9EF32794}.Release|x64.Build.0 = Release|x64
		{A88E629F-746B-433C-A78B-769B9EF32794}.Release|x86.ActiveCfg = Release|x64
		{046E72E5-2A43-4F5E-9AF5-101BEBF3D48B}.Debug|x64.ActiveCfg = Debug|x64
		{046E72E5-2A43-4F5E-9AF5-101BEBF3D48B}.Debug|x64.Build.0 = Debug|x64
		{046E72E5-2A43-4F5E-9AF5-101BEBF3D48B}.Debug|x86.ActiveCfg = Debug|x64
		{046E72E5-2A43-4F5E-9AF5-101BEBF3D48B}.Release|x64.ActiveCfg = Release|x64
		{046E72E5-2A43-4F5E-9AF5-101BEBF3D48B}.Release|x64.Build.0 = Release|x64
		{046E72E5-2A43-4F5E-9AF5-101BEBF3D48B}.Release|x86.ActiveCfg = Release|x64
		{5D17B872-38F8-4334-A2CD-A128B93908E2}.Debug|x64.ActiveCfg = Debug|x64
		{5D17B872-38F8-4334-A2CD-A128B93908E2}.Debug|x64.Build.0 = Debug|x64
		{5D17B872-38F8-4334-A2CD-A128B93908E2}.Debug|x86.ActiveCfg = Debug|x64
		{5D17B872-38F8-4334-A2CD-A128B93908E2}.Release|x64.ActiveCfg = Release|x64
		{5D17B872-38F8-4334-A2CD-A128B93908E2}.Release|x64.Build.0 = Release|x64
		{5D17B872-38F8-4334-A2CD-A128B93908E2}.Release|x86.ActiveCfg = Release|x64
		{E2CFA0A4-FA9F-4F19-BFB6-AEA37F571C10}.Debug|x64.ActiveCfg = Debug|x64
		{E2CFA0A4-FA9F-4F19-BFB6-AEA37F571C10}.Debug|x64.Build.0 = Debug|x64
		{E2CFA0A4-FA9F-4F19-BFB6-AEA37F571C10}.Debug|x86.ActiveCfg = Debug|x64
		{E2CFA0A4-FA9F-4F19-BFB6-AEA37F571C10}.Release|x64.ActiveCfg = Release|x64
		{E2CFA0A4-FA9F-4F19-BFB6-AEA37F571C10}.Release|x64.Build.0 = Release|x64
		{E2CFA0A4-FA9F-4F19-BFB6-AEA37F571C10}.Release|x86.ActiveCfg = Release|x64
		{7C78D6AE-42BD-40D4-A05E-787D521CC12F}.Debug|x64.ActiveCfg = Debug|x64
		{7C78D6AE-42BD-40D4-A05E-787D521CC12F}.Debug|x64.Build.0 = Debug|x64
		{7C78D6AE-42BD-40D4-A05E-787D521CC12F}.Debug|x86.ActiveCfg = Debug|Win32
		{7C78D6AE-42BD-40D4-A05E-787D521CC12F}.Debug|x86.Build.0 = Debug|Win32
		{7C78D6AE-42BD-40D4-A05E-787D521CC12F}.Release|x64.ActiveCfg = Release|x64
		{7C78D6AE-42BD-40D4-A05E-787D521CC12F}.Release|x64.Build.0 = Release|x64
		{7C78D6AE-42BD-40D4-A05E-787D521CC12F}.Release|x86.ActiveCfg = Release|Win32
		{7C78D6AE-42BD-40D4-A05E-787D521CC12F}.Release|x86.Build.0 = Release|Win32
	EndGlobalSection
	GlobalSection(SolutionProperties) = preSolution
		HideSolutionNode = FALSE
	EndGlobalSection
	GlobalSection(ExtensibilityGlobals) = postSolution
		SolutionGuid = {27FFC423-DEC2-49C3-A324-F8C9E3220D66}
	EndGlobalSection
EndGlobal
