
Microsoft Visual Studio Solution File, Format Version 12.00
# Visual Studio 15
VisualStudioVersion = 15.0.27703.2026
MinimumVisualStudioVersion = 10.0.40219.1
Project("{8BC9CEB8-8B4A-11D0-8D11-00A0C91BC942}") = "appMien", "appMien\appMien.vcxproj", "{8D7C4335-ED9A-424A-B61B-6C8F32A08E85}"
EndProject
Project("{8BC9CEB8-8B4A-11D0-8D11-00A0C91BC942}") = "Mien", "Mien\Mien.vcxproj", "{CDF44EC3-D88E-467D-A693-000A49496730}"
EndProject
Project("{8BC9CEB8-8B4A-11D0-8D11-00A0C91BC942}") = "MienDL", "MienDL\MienDL.vcxproj", "{6F9744B5-85F1-4440-82DB-D26E7D801230}"
EndProject
Project("{8BC9CEB8-8B4A-11D0-8D11-00A0C91BC942}") = "MienFD", "MienFD\MienFD.vcxproj", "{39517B12-8927-408F-B808-EE652989BB8D}"
EndProject
Project("{8BC9CEB8-8B4A-11D0-8D11-00A0C91BC942}") = "Mien58", "Mien58\Mien58.vcxproj", "{A88E629F-746B-433C-A78B-769B9EF32794}"
EndProject
Project("{8BC9CEB8-8B4A-11D0-8D11-00A0C91BC942}") = "mtcnn", "mtcnn\mtcnn.vcxproj", "{7C78D6AE-42BD-40D4-A05E-787D521CC12F}"
EndProject
Project("{8BC9CEB8-8B4A-11D0-8D11-00A0C91BC942}") = "MienNN", "MienNN\MienNN.vcxproj", "{87B61E3F-4056-4BF0-B861-871265CF85E0}"
EndProject
Project("{8BC9CEB8-8B4A-11D0-8D11-00A0C91BC942}") = "MienST", "MienST\MienST.vcxproj", "{0830ECF1-9BA9-4C53-97AA-AB00E3519222}"
EndProject
Project("{8BC9CEB8-8B4A-11D0-8D11-00A0C91BC942}") = "MienSW", "MienSW\MienSW.vcxproj", "{00FB9853-A6AF-422B-92E1-F9C8947DF3F4}"
EndProject
Project("{8BC9CEB8-8B4A-11D0-8D11-00A0C91BC942}") = "StDetect", "StDetect\StDetect.vcxproj", "{A05B5D38-303D-4A20-A0D3-84EDA18EDCC7}"
EndProject
Project("{8BC9CEB8-8B4A-11D0-8D11-00A0C91BC942}") = "StAlign", "StAlign\StAlign.vcxproj", "{C3A8009D-62EE-4A8A-B346-882731885F03}"
EndProject
Global
	GlobalSection(SolutionConfigurationPlatforms) = preSolution
		Debug|x64 = Debug|x64
		Debug|x86 = Debug|x86
		Release|x64 = Release|x64
		Release|x86 = Release|x86
	EndGlobalSection
	GlobalSection(ProjectConfigurationPlatforms) = postSolution
		{8D7C4335-ED9A-424A-B61B-6C8F32A08E85}.Debug|x64.ActiveCfg = Debug|x64
		{8D7C4335-ED9A-424A-B61B-6C8F32A08E85}.Debug|x64.Build.0 = Debug|x64
		{8D7C4335-ED9A-424A-B61B-6C8F32A08E85}.Debug|x86.ActiveCfg = Debug|x64
		{8D7C4335-ED9A-424A-B61B-6C8F32A08E85}.Release|x64.ActiveCfg = Release|x64
		{8D7C4335-ED9A-424A-B61B-6C8F32A08E85}.Release|x64.Build.0 = Release|x64
		{8D7C4335-ED9A-424A-B61B-6C8F32A08E85}.Release|x86.ActiveCfg = Release|x64
		{CDF44EC3-D88E-467D-A693-000A49496730}.Debug|x64.ActiveCfg = Debug|x64
		{CDF44EC3-D88E-467D-A693-000A49496730}.Debug|x64.Build.0 = Debug|x64
		{CDF44EC3-D88E-467D-A693-000A49496730}.Debug|x86.ActiveCfg = Debug|x64
		{CDF44EC3-D88E-467D-A693-000A49496730}.Release|x64.ActiveCfg = Release|x64
		{CDF44EC3-D88E-467D-A693-000A49496730}.Release|x64.Build.0 = Release|x64
		{CDF44EC3-D88E-467D-A693-000A49496730}.Release|x86.ActiveCfg = Release|x64
		{6F9744B5-85F1-4440-82DB-D26E7D801230}.Debug|x64.ActiveCfg = Debug|x64
		{6F9744B5-85F1-4440-82DB-D26E7D801230}.Debug|x64.Build.0 = Debug|x64
		{6F9744B5-85F1-4440-82DB-D26E7D801230}.Debug|x86.ActiveCfg = Debug|x64
		{6F9744B5-85F1-4440-82DB-D26E7D801230}.Release|x64.ActiveCfg = Release|x64
		{6F9744B5-85F1-4440-82DB-D26E7D801230}.Release|x64.Build.0 = Release|x64
		{6F9744B5-85F1-4440-82DB-D26E7D801230}.Release|x86.ActiveCfg = Release|x64
		{39517B12-8927-408F-B808-EE652989BB8D}.Debug|x64.ActiveCfg = Debug|x64
		{39517B12-8927-408F-B808-EE652989BB8D}.Debug|x64.Build.0 = Debug|x64
		{39517B12-8927-408F-B808-EE652989BB8D}.Debug|x86.ActiveCfg = Debug|x64
		{39517B12-8927-408F-B808-EE652989BB8D}.Release|x64.ActiveCfg = Release|x64
		{39517B12-8927-408F-B808-EE652989BB8D}.Release|x64.Build.0 = Release|x64
		{39517B12-8927-408F-B808-EE652989BB8D}.Release|x86.ActiveCfg = Release|x64
		{A88E629F-746B-433C-A78B-769B9EF32794}.Debug|x64.ActiveCfg = Debug|x64
		{A88E629F-746B-433C-A78B-769B9EF32794}.Debug|x64.Build.0 = Debug|x64
		{A88E629F-746B-433C-A78B-769B9EF32794}.Debug|x86.ActiveCfg = Debug|x64
		{A88E629F-746B-433C-A78B-769B9EF32794}.Release|x64.ActiveCfg = Release|x64
		{A88E629F-746B-433C-A78B-769B9EF32794}.Release|x64.Build.0 = Release|x64
		{A88E629F-746B-433C-A78B-769B9EF32794}.Release|x86.ActiveCfg = Release|x64
		{7C78D6AE-42BD-40D4-A05E-787D521CC12F}.Debug|x64.ActiveCfg = Debug|x64
		{7C78D6AE-42BD-40D4-A05E-787D521CC12F}.Debug|x64.Build.0 = Debug|x64
		{7C78D6AE-42BD-40D4-A05E-787D521CC12F}.Debug|x86.ActiveCfg = Debug|x64
		{7C78D6AE-42BD-40D4-A05E-787D521CC12F}.Release|x64.ActiveCfg = Release|x64
		{7C78D6AE-42BD-40D4-A05E-787D521CC12F}.Release|x64.Build.0 = Release|x64
		{7C78D6AE-42BD-40D4-A05E-787D521CC12F}.Release|x86.ActiveCfg = Release|x64
		{87B61E3F-4056-4BF0-B861-871265CF85E0}.Debug|x64.ActiveCfg = Debug|x64
		{87B61E3F-4056-4BF0-B861-871265CF85E0}.Debug|x64.Build.0 = Debug|x64
		{87B61E3F-4056-4BF0-B861-871265CF85E0}.Debug|x86.ActiveCfg = Debug|x64
		{87B61E3F-4056-4BF0-B861-871265CF85E0}.Release|x64.ActiveCfg = Release|x64
		{87B61E3F-4056-4BF0-B861-871265CF85E0}.Release|x64.Build.0 = Release|x64
		{87B61E3F-4056-4BF0-B861-871265CF85E0}.Release|x86.ActiveCfg = Release|x64
		{0830ECF1-9BA9-4C53-97AA-AB00E3519222}.Debug|x64.ActiveCfg = Debug|x64
		{0830ECF1-9BA9-4C53-97AA-AB00E3519222}.Debug|x64.Build.0 = Debug|x64
		{0830ECF1-9BA9-4C53-97AA-AB00E3519222}.Debug|x86.ActiveCfg = Debug|x64
		{0830ECF1-9BA9-4C53-97AA-AB00E3519222}.Release|x64.ActiveCfg = Release|x64
		{0830ECF1-9BA9-4C53-97AA-AB00E3519222}.Release|x64.Build.0 = Release|x64
		{0830ECF1-9BA9-4C53-97AA-AB00E3519222}.Release|x86.ActiveCfg = Release|x64
		{00FB9853-A6AF-422B-92E1-F9C8947DF3F4}.Debug|x64.ActiveCfg = Debug|x64
		{00FB9853-A6AF-422B-92E1-F9C8947DF3F4}.Debug|x64.Build.0 = Debug|x64
		{00FB9853-A6AF-422B-92E1-F9C8947DF3F4}.Debug|x86.ActiveCfg = Debug|x64
		{00FB9853-A6AF-422B-92E1-F9C8947DF3F4}.Release|x64.ActiveCfg = Release|x64
		{00FB9853-A6AF-422B-92E1-F9C8947DF3F4}.Release|x64.Build.0 = Release|x64
		{00FB9853-A6AF-422B-92E1-F9C8947DF3F4}.Release|x86.ActiveCfg = Release|x64
		{A05B5D38-303D-4A20-A0D3-84EDA18EDCC7}.Debug|x64.ActiveCfg = Release|x64
		{A05B5D38-303D-4A20-A0D3-84EDA18EDCC7}.Debug|x64.Build.0 = Release|x64
		{A05B5D38-303D-4A20-A0D3-84EDA18EDCC7}.Debug|x86.ActiveCfg = Release|x64
		{A05B5D38-303D-4A20-A0D3-84EDA18EDCC7}.Debug|x86.Build.0 = Release|x64
		{A05B5D38-303D-4A20-A0D3-84EDA18EDCC7}.Release|x64.ActiveCfg = Release|x64
		{A05B5D38-303D-4A20-A0D3-84EDA18EDCC7}.Release|x64.Build.0 = Release|x64
		{A05B5D38-303D-4A20-A0D3-84EDA18EDCC7}.Release|x86.ActiveCfg = Release|x64
		{C3A8009D-62EE-4A8A-B346-882731885F03}.Debug|x64.ActiveCfg = Debug|x64
		{C3A8009D-62EE-4A8A-B346-882731885F03}.Debug|x64.Build.0 = Debug|x64
		{C3A8009D-62EE-4A8A-B346-882731885F03}.Debug|x86.ActiveCfg = Debug|x64
		{C3A8009D-62EE-4A8A-B346-882731885F03}.Release|x64.ActiveCfg = Release|x64
		{C3A8009D-62EE-4A8A-B346-882731885F03}.Release|x64.Build.0 = Release|x64
		{C3A8009D-62EE-4A8A-B346-882731885F03}.Release|x86.ActiveCfg = Release|x64
	EndGlobalSection
	GlobalSection(SolutionProperties) = preSolution
		HideSolutionNode = FALSE
	EndGlobalSection
	GlobalSection(ExtensibilityGlobals) = postSolution
		SolutionGuid = {27FFC423-DEC2-49C3-A324-F8C9E3220D66}
	EndGlobalSection
EndGlobal
