
Microsoft Visual Studio Solution File, Format Version 12.00
# Visual Studio 15
VisualStudioVersion = 15.0.27703.2026
MinimumVisualStudioVersion = 10.0.40219.1
Project("{8BC9CEB8-8B4A-11D0-8D11-00A0C91BC942}") = "appMien", "appMien\appMien.vcxproj", "{8D7C4335-ED9A-424A-B61B-6C8F32A08E85}"
EndProject
Project("{8BC9CEB8-8B4A-11D0-8D11-00A0C91BC942}") = "Mien", "Mien\Mien.vcxproj", "{CDF44EC3-D88E-467D-A693-000A49496730}"
EndProject
Project("{8BC9CEB8-8B4A-11D0-8D11-00A0C91BC942}") = "MienDL", "MienDL\MienDL.vcxproj", "{6F9744B5-85F1-4440-82DB-D26E7D801230}"
EndProject
Project("{8BC9CEB8-8B4A-11D0-8D11-00A0C91BC942}") = "MienFD", "MienFD\MienFD.vcxproj", "{39517B12-8927-408F-B808-EE652989BB8D}"
EndProject
Project("{8BC9CEB8-8B4A-11D0-8D11-00A0C91BC942}") = "Mien58", "Mien58\Mien58.vcxproj", "{A88E629F-746B-433C-A78B-769B9EF32794}"
EndProject
Global
	GlobalSection(SolutionConfigurationPlatforms) = preSolution
		Debug|x64 = Debug|x64
		Debug|x86 = Debug|x86
		Release|x64 = Release|x64
		Release|x86 = Release|x86
	EndGlobalSection
	GlobalSection(ProjectConfigurationPlatforms) = postSolution
		{8D7C4335-ED9A-424A-B61B-6C8F32A08E85}.Debug|x64.ActiveCfg = Debug|x64
		{8D7C4335-ED9A-424A-B61B-6C8F32A08E85}.Debug|x64.Build.0 = Debug|x64
		{8D7C4335-ED9A-424A-B61B-6C8F32A08E85}.Debug|x86.ActiveCfg = Debug|x64
		{8D7C4335-ED9A-424A-B61B-6C8F32A08E85}.Release|x64.ActiveCfg = Release|x64
		{8D7C4335-ED9A-424A-B61B-6C8F32A08E85}.Release|x64.Build.0 = Release|x64
		{8D7C4335-ED9A-424A-B61B-6C8F32A08E85}.Release|x86.ActiveCfg = Release|x64
		{CDF44EC3-D88E-467D-A693-000A49496730}.Debug|x64.ActiveCfg = Debug|x64
		{CDF44EC3-D88E-467D-A693-000A49496730}.Debug|x64.Build.0 = Debug|x64
		{CDF44EC3-D88E-467D-A693-000A49496730}.Debug|x86.ActiveCfg = Debug|x64
		{CDF44EC3-D88E-467D-A693-000A49496730}.Release|x64.ActiveCfg = Release|x64
		{CDF44EC3-D88E-467D-A693-000A49496730}.Release|x64.Build.0 = Release|x64
		{CDF44EC3-D88E-467D-A693-000A49496730}.Release|x86.ActiveCfg = Release|x64
		{6F9744B5-85F1-4440-82DB-D26E7D801230}.Debug|x64.ActiveCfg = Debug|x64
		{6F9744B5-85F1-4440-82DB-D26E7D801230}.Debug|x64.Build.0 = Debug|x64
		{6F9744B5-85F1-4440-82DB-D26E7D801230}.Debug|x86.ActiveCfg = Debug|x64
		{6F9744B5-85F1-4440-82DB-D26E7D801230}.Release|x64.ActiveCfg = Release|x64
		{6F9744B5-85F1-4440-82DB-D26E7D801230}.Release|x64.Build.0 = Release|x64
		{6F9744B5-85F1-4440-82DB-D26E7D801230}.Release|x86.ActiveCfg = Release|x64
		{39517B12-8927-408F-B808-EE652989BB8D}.Debug|x64.ActiveCfg = Debug|x64
		{39517B12-8927-408F-B808-EE652989BB8D}.Debug|x64.Build.0 = Debug|x64
		{39517B12-8927-408F-B808-EE652989BB8D}.Debug|x86.ActiveCfg = Debug|x64
		{39517B12-8927-408F-B808-EE652989BB8D}.Release|x64.ActiveCfg = Release|x64
		{39517B12-8927-408F-B808-EE652989BB8D}.Release|x64.Build.0 = Release|x64
		{39517B12-8927-408F-B808-EE652989BB8D}.Release|x86.ActiveCfg = Release|x64
		{A88E629F-746B-433C-A78B-769B9EF32794}.Debug|x64.ActiveCfg = Debug|x64
		{A88E629F-746B-433C-A78B-769B9EF32794}.Debug|x64.Build.0 = Debug|x64
		{A88E629F-746B-433C-A78B-769B9EF32794}.Debug|x86.ActiveCfg = Debug|x64
		{A88E629F-746B-433C-A78B-769B9EF32794}.Release|x64.ActiveCfg = Release|x64
		{A88E629F-746B-433C-A78B-769B9EF32794}.Release|x64.Build.0 = Release|x64
		{A88E629F-746B-433C-A78B-769B9EF32794}.Release|x86.ActiveCfg = Release|x64
	EndGlobalSection
	GlobalSection(SolutionProperties) = preSolution
		HideSolutionNode = FALSE
	EndGlobalSection
	GlobalSection(ExtensibilityGlobals) = postSolution
		SolutionGuid = {27FFC423-DEC2-49C3-A324-F8C9E3220D66}
	EndGlobalSection
EndGlobal
