<?xml version="1.0" encoding="utf-8"?>
<Project ToolsVersion="4.0" xmlns="http://schemas.microsoft.com/developer/msbuild/2003">
  <ItemGroup>
    <Filter Include="Source Files">
      <UniqueIdentifier>{4FC737F1-C7A5-4376-A066-2A32D752A2FF}</UniqueIdentifier>
      <Extensions>cpp;c;cc;cxx;def;odl;idl;hpj;bat;asm;asmx</Extensions>
    </Filter>
    <Filter Include="Header Files">
      <UniqueIdentifier>{93995380-89BD-4b04-88EB-625FBE52EBFB}</UniqueIdentifier>
      <Extensions>h;hh;hpp;hxx;hm;inl;inc;ipp;xsd</Extensions>
    </Filter>
    <Filter Include="Resource Files">
      <UniqueIdentifier>{67DA6AB6-F800-4c08-8B7A-83BB121AAD01}</UniqueIdentifier>
      <Extensions>rc;ico;cur;bmp;dlg;rc2;rct;bin;rgs;gif;jpg;jpeg;jpe;resx;tiff;tif;png;wav;mfcribbon-ms</Extensions>
    </Filter>
  </ItemGroup>
  <ItemGroup>
    <ClInclude Include="aligner.h">
      <Filter>Header Files</Filter>
    </ClInclude>
    <ClInclude Include="bias_adder_net.h">
      <Filter>Header Files</Filter>
    </ClInclude>
    <ClInclude Include="blob.h">
      <Filter>Header Files</Filter>
    </ClInclude>
    <ClInclude Include="bn_net.h">
      <Filter>Header Files</Filter>
    </ClInclude>
    <ClInclude Include="common.h">
      <Filter>Header Files</Filter>
    </ClInclude>
    <ClInclude Include="common_net.h">
      <Filter>Header Files</Filter>
    </ClInclude>
    <ClInclude Include="conv_net.h">
      <Filter>Header Files</Filter>
    </ClInclude>
    <ClInclude Include="eltwise_net.h">
      <Filter>Header Files</Filter>
    </ClInclude>
    <ClInclude Include="face_identification.h">
      <Filter>Header Files</Filter>
    </ClInclude>
    <ClInclude Include="hyper_param.h">
      <Filter>Header Files</Filter>
    </ClInclude>
    <ClInclude Include="inner_product_net.h">
      <Filter>Header Files</Filter>
    </ClInclude>
    <ClInclude Include="log.h">
      <Filter>Header Files</Filter>
    </ClInclude>
    <ClInclude Include="math_functions.h">
      <Filter>Header Files</Filter>
    </ClInclude>
    <ClInclude Include="max_pooling_net.h">
      <Filter>Header Files</Filter>
    </ClInclude>
    <ClInclude Include="net.h">
      <Filter>Header Files</Filter>
    </ClInclude>
    <ClInclude Include="net_factory.h">
      <Filter>Header Files</Filter>
    </ClInclude>
    <ClInclude Include="pad_net.h">
      <Filter>Header Files</Filter>
    </ClInclude>
    <ClInclude Include="recognizer.h">
      <Filter>Header Files</Filter>
    </ClInclude>
    <ClInclude Include="spatial_transform_net.h">
      <Filter>Header Files</Filter>
    </ClInclude>
    <ClInclude Include="tform_maker_net.h">
      <Filter>Header Files</Filter>
    </ClInclude>
    <ClInclude Include="viplnet.h">
      <Filter>Header Files</Filter>
    </ClInclude>
  </ItemGroup>
  <ItemGroup>
    <ClCompile Include="bias_adder_net.cpp">
      <Filter>Source Files</Filter>
    </ClCompile>
    <ClCompile Include="blob.cpp">
      <Filter>Source Files</Filter>
    </ClCompile>
    <ClCompile Include="bn_net.cpp">
      <Filter>Source Files</Filter>
    </ClCompile>
    <ClCompile Include="common_net.cpp">
      <Filter>Source Files</Filter>
    </ClCompile>
    <ClCompile Include="conv_net.cpp">
      <Filter>Source Files</Filter>
    </ClCompile>
    <ClCompile Include="eltwise_net.cpp">
      <Filter>Source Files</Filter>
    </ClCompile>
    <ClCompile Include="inner_product_net.cpp">
      <Filter>Source Files</Filter>
    </ClCompile>
    <ClCompile Include="log.cpp">
      <Filter>Source Files</Filter>
    </ClCompile>
    <ClCompile Include="math_functions.cpp">
      <Filter>Source Files</Filter>
    </ClCompile>
    <ClCompile Include="max_pooling_net.cpp">
      <Filter>Source Files</Filter>
    </ClCompile>
    <ClCompile Include="net.cpp">
      <Filter>Source Files</Filter>
    </ClCompile>
    <ClCompile Include="pad_net.cpp">
      <Filter>Source Files</Filter>
    </ClCompile>
    <ClCompile Include="spatial_transform_net.cpp">
      <Filter>Source Files</Filter>
    </ClCompile>
    <ClCompile Include="tform_maker_net.cpp">
      <Filter>Source Files</Filter>
    </ClCompile>
    <ClCompile Include="aligner.cpp">
      <Filter>Source Files</Filter>
    </ClCompile>
    <ClCompile Include="face_identification.cpp">
      <Filter>Source Files</Filter>
    </ClCompile>
  </ItemGroup>
</Project>