
Microsoft Visual Studio Solution File, Format Version 12.00
# Visual Studio 15
VisualStudioVersion = 15.0.27703.2047
MinimumVisualStudioVersion = 10.0.40219.1
Project("{8BC9CEB8-8B4A-11D0-8D11-00A0C91BC942}") = "StDetect", "StDetect.vcxproj", "{A05B5D38-303D-4A20-A0D3-84EDA18EDCC7}"
EndProject
Global
	GlobalSection(SolutionConfigurationPlatforms) = preSolution
		Debug|x64 = Debug|x64
		Release|x64 = Release|x64
	EndGlobalSection
	GlobalSection(ProjectConfigurationPlatforms) = postSolution
		{A05B5D38-303D-4A20-A0D3-84EDA18EDCC7}.Debug|x64.ActiveCfg = Release|x64
		{A05B5D38-303D-4A20-A0D3-84EDA18EDCC7}.Debug|x64.Build.0 = Release|x64
		{A05B5D38-303D-4A20-A0D3-84EDA18EDCC7}.Release|x64.ActiveCfg = Release|x64
		{A05B5D38-303D-4A20-A0D3-84EDA18EDCC7}.Release|x64.Build.0 = Release|x64
	EndGlobalSection
	GlobalSection(SolutionProperties) = preSolution
		HideSolutionNode = FALSE
	EndGlobalSection
	GlobalSection(ExtensibilityGlobals) = postSolution
		SolutionGuid = {DB636514-E1C2-4B49-932D-A1A493694772}
	EndGlobalSection
EndGlobal
