<?xml version="1.0" encoding="utf-8"?>
<Project ToolsVersion="4.0" xmlns="http://schemas.microsoft.com/developer/msbuild/2003">
  <ItemGroup>
    <Filter Include="Source Files">
      <UniqueIdentifier>{4FC737F1-C7A5-4376-A066-2A32D752A2FF}</UniqueIdentifier>
      <Extensions>cpp;c;cc;cxx;def;odl;idl;hpj;bat;asm;asmx</Extensions>
    </Filter>
    <Filter Include="Header Files">
      <UniqueIdentifier>{93995380-89BD-4b04-88EB-625FBE52EBFB}</UniqueIdentifier>
      <Extensions>h;hh;hpp;hxx;hm;inl;inc;ipp;xsd</Extensions>
    </Filter>
    <Filter Include="Resource Files">
      <UniqueIdentifier>{67DA6AB6-F800-4c08-8B7A-83BB121AAD01}</UniqueIdentifier>
      <Extensions>rc;ico;cur;bmp;dlg;rc2;rct;bin;rgs;gif;jpg;jpeg;jpe;resx;tiff;tif;png;wav;mfcribbon-ms</Extensions>
    </Filter>
  </ItemGroup>
  <ItemGroup>
    <ClInclude Include="algs.h">
      <Filter>Header Files</Filter>
    </ClInclude>
    <ClInclude Include="any.h">
      <Filter>Header Files</Filter>
    </ClInclude>
    <ClInclude Include="array.h">
      <Filter>Header Files</Filter>
    </ClInclude>
    <ClInclude Include="array2d.h">
      <Filter>Header Files</Filter>
    </ClInclude>
    <ClInclude Include="assert.h">
      <Filter>Header Files</Filter>
    </ClInclude>
    <ClInclude Include="base64.h">
      <Filter>Header Files</Filter>
    </ClInclude>
    <ClInclude Include="bayes_utils.h">
      <Filter>Header Files</Filter>
    </ClInclude>
    <ClInclude Include="bigint.h">
      <Filter>Header Files</Filter>
    </ClInclude>
    <ClInclude Include="binary_search_tree.h">
      <Filter>Header Files</Filter>
    </ClInclude>
    <ClInclude Include="bit_stream.h">
      <Filter>Header Files</Filter>
    </ClInclude>
    <ClInclude Include="bound_function_pointer.h">
      <Filter>Header Files</Filter>
    </ClInclude>
    <ClInclude Include="bridge.h">
      <Filter>Header Files</Filter>
    </ClInclude>
    <ClInclude Include="bsp.h">
      <Filter>Header Files</Filter>
    </ClInclude>
    <ClInclude Include="byte_orderer.h">
      <Filter>Header Files</Filter>
    </ClInclude>
    <ClInclude Include="clustering.h">
      <Filter>Header Files</Filter>
    </ClInclude>
    <ClInclude Include="cmd_line_parser.h">
      <Filter>Header Files</Filter>
    </ClInclude>
    <ClInclude Include="compress_stream.h">
      <Filter>Header Files</Filter>
    </ClInclude>
    <ClInclude Include="conditioning_class.h">
      <Filter>Header Files</Filter>
    </ClInclude>
    <ClInclude Include="config.h">
      <Filter>Header Files</Filter>
    </ClInclude>
    <ClInclude Include="config_reader.h">
      <Filter>Header Files</Filter>
    </ClInclude>
    <ClInclude Include="console_progress_indicator.h">
      <Filter>Header Files</Filter>
    </ClInclude>
    <ClInclude Include="control.h">
      <Filter>Header Files</Filter>
    </ClInclude>
    <ClInclude Include="cpp_pretty_printer.h">
      <Filter>Header Files</Filter>
    </ClInclude>
    <ClInclude Include="cpp_tokenizer.h">
      <Filter>Header Files</Filter>
    </ClInclude>
    <ClInclude Include="crc32.h">
      <Filter>Header Files</Filter>
    </ClInclude>
    <ClInclude Include="data_io.h">
      <Filter>Header Files</Filter>
    </ClInclude>
    <ClInclude Include="dir_nav.h">
      <Filter>Header Files</Filter>
    </ClInclude>
    <ClInclude Include="directed_graph.h">
      <Filter>Header Files</Filter>
    </ClInclude>
    <ClInclude Include="disjoint_subsets.h">
      <Filter>Header Files</Filter>
    </ClInclude>
    <ClInclude Include="dnn.h">
      <Filter>Header Files</Filter>
    </ClInclude>
    <ClInclude Include="enable_if.h">
      <Filter>Header Files</Filter>
    </ClInclude>
    <ClInclude Include="entropy_decoder.h">
      <Filter>Header Files</Filter>
    </ClInclude>
    <ClInclude Include="entropy_decoder_model.h">
      <Filter>Header Files</Filter>
    </ClInclude>
    <ClInclude Include="entropy_encoder.h">
      <Filter>Header Files</Filter>
    </ClInclude>
    <ClInclude Include="entropy_encoder_model.h">
      <Filter>Header Files</Filter>
    </ClInclude>
    <ClInclude Include="error.h">
      <Filter>Header Files</Filter>
    </ClInclude>
    <ClInclude Include="filtering.h">
      <Filter>Header Files</Filter>
    </ClInclude>
    <ClInclude Include="float_details.h">
      <Filter>Header Files</Filter>
    </ClInclude>
    <ClInclude Include="geometry.h">
      <Filter>Header Files</Filter>
    </ClInclude>
    <ClInclude Include="global_optimization.h">
      <Filter>Header Files</Filter>
    </ClInclude>
    <ClInclude Include="graph.h">
      <Filter>Header Files</Filter>
    </ClInclude>
    <ClInclude Include="graph_cuts.h">
      <Filter>Header Files</Filter>
    </ClInclude>
    <ClInclude Include="graph_utils.h">
      <Filter>Header Files</Filter>
    </ClInclude>
    <ClInclude Include="graph_utils_threaded.h">
      <Filter>Header Files</Filter>
    </ClInclude>
    <ClInclude Include="gui_core.h">
      <Filter>Header Files</Filter>
    </ClInclude>
    <ClInclude Include="gui_widgets.h">
      <Filter>Header Files</Filter>
    </ClInclude>
    <ClInclude Include="hash.h">
      <Filter>Header Files</Filter>
    </ClInclude>
    <ClInclude Include="hash_map.h">
      <Filter>Header Files</Filter>
    </ClInclude>
    <ClInclude Include="hash_set.h">
      <Filter>Header Files</Filter>
    </ClInclude>
    <ClInclude Include="hash_table.h">
      <Filter>Header Files</Filter>
    </ClInclude>
    <ClInclude Include="image_io.h">
      <Filter>Header Files</Filter>
    </ClInclude>
    <ClInclude Include="image_keypoint.h">
      <Filter>Header Files</Filter>
    </ClInclude>
    <ClInclude Include="image_processing.h">
      <Filter>Header Files</Filter>
    </ClInclude>
    <ClInclude Include="image_transforms.h">
      <Filter>Header Files</Filter>
    </ClInclude>
    <ClInclude Include="iosockstream.h">
      <Filter>Header Files</Filter>
    </ClInclude>
    <ClInclude Include="is_kind.h">
      <Filter>Header Files</Filter>
    </ClInclude>
    <ClInclude Include="linker.h">
      <Filter>Header Files</Filter>
    </ClInclude>
    <ClInclude Include="logger.h">
      <Filter>Header Files</Filter>
    </ClInclude>
    <ClInclude Include="lsh.h">
      <Filter>Header Files</Filter>
    </ClInclude>
    <ClInclude Include="lz77_buffer.h">
      <Filter>Header Files</Filter>
    </ClInclude>
    <ClInclude Include="lzp_buffer.h">
      <Filter>Header Files</Filter>
    </ClInclude>
    <ClInclude Include="manifold_regularization.h">
      <Filter>Header Files</Filter>
    </ClInclude>
    <ClInclude Include="map.h">
      <Filter>Header Files</Filter>
    </ClInclude>
    <ClInclude Include="matrix.h">
      <Filter>Header Files</Filter>
    </ClInclude>
    <ClInclude Include="md5.h">
      <Filter>Header Files</Filter>
    </ClInclude>
    <ClInclude Include="member_function_pointer.h">
      <Filter>Header Files</Filter>
    </ClInclude>
    <ClInclude Include="memory_manager.h">
      <Filter>Header Files</Filter>
    </ClInclude>
    <ClInclude Include="memory_manager_global.h">
      <Filter>Header Files</Filter>
    </ClInclude>
    <ClInclude Include="memory_manager_stateless.h">
      <Filter>Header Files</Filter>
    </ClInclude>
    <ClInclude Include="metaprogramming.h">
      <Filter>Header Files</Filter>
    </ClInclude>
    <ClInclude Include="misc_api.h">
      <Filter>Header Files</Filter>
    </ClInclude>
    <ClInclude Include="mlp.h">
      <Filter>Header Files</Filter>
    </ClInclude>
    <ClInclude Include="noncopyable.h">
      <Filter>Header Files</Filter>
    </ClInclude>
    <ClInclude Include="numeric_constants.h">
      <Filter>Header Files</Filter>
    </ClInclude>
    <ClInclude Include="numerical_integration.h">
      <Filter>Header Files</Filter>
    </ClInclude>
    <ClInclude Include="opencv.h">
      <Filter>Header Files</Filter>
    </ClInclude>
    <ClInclude Include="optimization.h">
      <Filter>Header Files</Filter>
    </ClInclude>
    <ClInclude Include="pipe.h">
      <Filter>Header Files</Filter>
    </ClInclude>
    <ClInclude Include="pixel.h">
      <Filter>Header Files</Filter>
    </ClInclude>
    <ClInclude Include="platform.h">
      <Filter>Header Files</Filter>
    </ClInclude>
    <ClInclude Include="python.h">
      <Filter>Header Files</Filter>
    </ClInclude>
    <ClInclude Include="quantum_computing.h">
      <Filter>Header Files</Filter>
    </ClInclude>
    <ClInclude Include="queue.h">
      <Filter>Header Files</Filter>
    </ClInclude>
    <ClInclude Include="rand.h">
      <Filter>Header Files</Filter>
    </ClInclude>
    <ClInclude Include="random_forest.h">
      <Filter>Header Files</Filter>
    </ClInclude>
    <ClInclude Include="ref.h">
      <Filter>Header Files</Filter>
    </ClInclude>
    <ClInclude Include="reference_counter.h">
      <Filter>Header Files</Filter>
    </ClInclude>
    <ClInclude Include="sequence.h">
      <Filter>Header Files</Filter>
    </ClInclude>
    <ClInclude Include="serialize.h">
      <Filter>Header Files</Filter>
    </ClInclude>
    <ClInclude Include="server.h">
      <Filter>Header Files</Filter>
    </ClInclude>
    <ClInclude Include="set.h">
      <Filter>Header Files</Filter>
    </ClInclude>
    <ClInclude Include="set_utils.h">
      <Filter>Header Files</Filter>
    </ClInclude>
    <ClInclude Include="simd.h">
      <Filter>Header Files</Filter>
    </ClInclude>
    <ClInclude Include="sliding_buffer.h">
      <Filter>Header Files</Filter>
    </ClInclude>
    <ClInclude Include="smart_pointers.h">
      <Filter>Header Files</Filter>
    </ClInclude>
    <ClInclude Include="smart_pointers_thread_safe.h">
      <Filter>Header Files</Filter>
    </ClInclude>
    <ClInclude Include="sockets.h">
      <Filter>Header Files</Filter>
    </ClInclude>
    <ClInclude Include="sockstreambuf.h">
      <Filter>Header Files</Filter>
    </ClInclude>
    <ClInclude Include="sort.h">
      <Filter>Header Files</Filter>
    </ClInclude>
    <ClInclude Include="sparse_vector.h">
      <Filter>Header Files</Filter>
    </ClInclude>
    <ClInclude Include="sqlite.h">
      <Filter>Header Files</Filter>
    </ClInclude>
    <ClInclude Include="stack.h">
      <Filter>Header Files</Filter>
    </ClInclude>
    <ClInclude Include="stack_trace.h">
      <Filter>Header Files</Filter>
    </ClInclude>
    <ClInclude Include="static_map.h">
      <Filter>Header Files</Filter>
    </ClInclude>
    <ClInclude Include="static_set.h">
      <Filter>Header Files</Filter>
    </ClInclude>
    <ClInclude Include="statistics.h">
      <Filter>Header Files</Filter>
    </ClInclude>
    <ClInclude Include="std_allocator.h">
      <Filter>Header Files</Filter>
    </ClInclude>
    <ClInclude Include="stl_checked.h">
      <Filter>Header Files</Filter>
    </ClInclude>
    <ClInclude Include="string.h">
      <Filter>Header Files</Filter>
    </ClInclude>
    <ClInclude Include="svm.h">
      <Filter>Header Files</Filter>
    </ClInclude>
    <ClInclude Include="svm_threaded.h">
      <Filter>Header Files</Filter>
    </ClInclude>
    <ClInclude Include="sync_extension.h">
      <Filter>Header Files</Filter>
    </ClInclude>
    <ClInclude Include="test_for_odr_violations.h">
      <Filter>Header Files</Filter>
    </ClInclude>
    <ClInclude Include="threads.h">
      <Filter>Header Files</Filter>
    </ClInclude>
    <ClInclude Include="time_this.h">
      <Filter>Header Files</Filter>
    </ClInclude>
    <ClInclude Include="timeout.h">
      <Filter>Header Files</Filter>
    </ClInclude>
    <ClInclude Include="timer.h">
      <Filter>Header Files</Filter>
    </ClInclude>
    <ClInclude Include="timing.h">
      <Filter>Header Files</Filter>
    </ClInclude>
    <ClInclude Include="tokenizer.h">
      <Filter>Header Files</Filter>
    </ClInclude>
    <ClInclude Include="tuple.h">
      <Filter>Header Files</Filter>
    </ClInclude>
    <ClInclude Include="type_safe_union.h">
      <Filter>Header Files</Filter>
    </ClInclude>
    <ClInclude Include="uintn.h">
      <Filter>Header Files</Filter>
    </ClInclude>
    <ClInclude Include="unicode.h">
      <Filter>Header Files</Filter>
    </ClInclude>
    <ClInclude Include="unordered_pair.h">
      <Filter>Header Files</Filter>
    </ClInclude>
    <ClInclude Include="vectorstream.h">
      <Filter>Header Files</Filter>
    </ClInclude>
    <ClInclude Include="windows_magic.h">
      <Filter>Header Files</Filter>
    </ClInclude>
    <ClInclude Include="xml_parser.h">
      <Filter>Header Files</Filter>
    </ClInclude>
  </ItemGroup>
  <ItemGroup>
    <ClCompile Include="stack_trace.cpp">
      <Filter>Source Files</Filter>
    </ClCompile>
    <ClCompile Include="test_for_odr_violations.cpp">
      <Filter>Source Files</Filter>
    </ClCompile>
    <ClCompile Include="all\source.cpp">
      <Filter>Source Files</Filter>
    </ClCompile>
  </ItemGroup>
</Project>